
Microsoft Visual Studio Solution File, Format Version 12.00
# Visual Studio Version 16
VisualStudioVersion = 16.0.30907.101
MinimumVisualStudioVersion = 10.0.40219.1
Project("{FAE04EC0-301F-11D3-BF4B-00C04F79EFBC}") = "Chap05App", "Chap05App\Chap05App.csproj", "{27A84CCE-5A10-4F8F-B82B-BFDA06A2D8EE}"
EndProject
Project("{FAE04EC0-301F-11D3-BF4B-00C04F79EFBC}") = "SwitchTestApp", "SwitchTestApp\SwitchTestApp.csproj", "{9624F44A-7F72-47D8-B697-CB4438381318}"
EndProject
Project("{FAE04EC0-301F-11D3-BF4B-00C04F79EFBC}") = "LoopTestApp", "LoopTestApp\LoopTestApp.csproj", "{8D1AD90F-1E0F-4360-B345-83095D88686F}"
EndProject
Global
	GlobalSection(SolutionConfigurationPlatforms) = preSolution
		Debug|Any CPU = Debug|Any CPU
		Release|Any CPU = Release|Any CPU
	EndGlobalSection
	GlobalSection(ProjectConfigurationPlatforms) = postSolution
		{27A84CCE-5A10-4F8F-B82B-BFDA06A2D8EE}.Debug|Any CPU.ActiveCfg = Debug|Any CPU
		{27A84CCE-5A10-4F8F-B82B-BFDA06A2D8EE}.Debug|Any CPU.Build.0 = Debug|Any CPU
		{27A84CCE-5A10-4F8F-B82B-BFDA06A2D8EE}.Release|Any CPU.ActiveCfg = Release|Any CPU
		{27A84CCE-5A10-4F8F-B82B-BFDA06A2D8EE}.Release|Any CPU.Build.0 = Release|Any CPU
		{9624F44A-7F72-47D8-B697-CB4438381318}.Debug|Any CPU.ActiveCfg = Debug|Any CPU
		{9624F44A-7F72-47D8-B697-CB4438381318}.Debug|Any CPU.Build.0 = Debug|Any CPU
		{9624F44A-7F72-47D8-B697-CB4438381318}.Release|Any CPU.ActiveCfg = Release|Any CPU
		{9624F44A-7F72-47D8-B697-CB4438381318}.Release|Any CPU.Build.0 = Release|Any CPU
		{8D1AD90F-1E0F-4360-B345-83095D88686F}.Debug|Any CPU.ActiveCfg = Debug|Any CPU
		{8D1AD90F-1E0F-4360-B345-83095D88686F}.Debug|Any CPU.Build.0 = Debug|Any CPU
		{8D1AD90F-1E0F-4360-B345-83095D88686F}.Release|Any CPU.ActiveCfg = Release|Any CPU
		{8D1AD90F-1E0F-4360-B345-83095D88686F}.Release|Any CPU.Build.0 = Release|Any CPU
	EndGlobalSection
	GlobalSection(SolutionProperties) = preSolution
		HideSolutionNode = FALSE
	EndGlobalSection
	GlobalSection(ExtensibilityGlobals) = postSolution
		SolutionGuid = {F3B24356-DD25-4274-9A45-4FE1A6C5BE9A}
	EndGlobalSection
EndGlobal
