
Microsoft Visual Studio Solution File, Format Version 12.00
# Visual Studio Version 16
VisualStudioVersion = 16.0.30907.101
MinimumVisualStudioVersion = 10.0.40219.1
Project("{FAE04EC0-301F-11D3-BF4B-00C04F79EFBC}") = "Chap03App", "Chap03App\Chap03App.csproj", "{C5B042F2-E0F2-44B0-93D3-F7112C6A291C}"
EndProject
Project("{FAE04EC0-301F-11D3-BF4B-00C04F79EFBC}") = "HelloWorldApp", "HelloWorldApp\HelloWorldApp.csproj", "{757DBED2-2982-4884-A7CB-F5D850C0F64F}"
EndProject
Project("{FAE04EC0-301F-11D3-BF4B-00C04F79EFBC}") = "VariableTestApp", "VariableTestApp\VariableTestApp.csproj", "{5642973A-1B96-4F36-A4D2-E993A5D5ED8B}"
EndProject
Project("{FAE04EC0-301F-11D3-BF4B-00C04F79EFBC}") = "CharTestApp", "CharTestApp\CharTestApp.csproj", "{6ADD2544-AA38-41F8-A389-A744A4E5DC9A}"
EndProject
Project("{FAE04EC0-301F-11D3-BF4B-00C04F79EFBC}") = "ArrayTestApp", "ArrayTestApp\ArrayTestApp.csproj", "{A974E13D-6DAE-4802-9355-8C286133DF73}"
EndProject
Project("{FAE04EC0-301F-11D3-BF4B-00C04F79EFBC}") = "IntConversionApp", "IntConversionApp\IntConversionApp.csproj", "{E4776705-6B14-458C-BE96-C172E0B2EDEB}"
EndProject
Project("{FAE04EC0-301F-11D3-BF4B-00C04F79EFBC}") = "ConstTestApp", "ConstTestApp\ConstTestApp.csproj", "{E786E54F-683E-442A-B8C5-654FEEFB5B7D}"
EndProject
Project("{FAE04EC0-301F-11D3-BF4B-00C04F79EFBC}") = "VarTestApp", "VarTestApp\VarTestApp.csproj", "{10D67769-7962-46B2-AF81-587607769821}"
EndProject
Global
	GlobalSection(SolutionConfigurationPlatforms) = preSolution
		Debug|Any CPU = Debug|Any CPU
		Release|Any CPU = Release|Any CPU
	EndGlobalSection
	GlobalSection(ProjectConfigurationPlatforms) = postSolution
		{C5B042F2-E0F2-44B0-93D3-F7112C6A291C}.Debug|Any CPU.ActiveCfg = Debug|Any CPU
		{C5B042F2-E0F2-44B0-93D3-F7112C6A291C}.Debug|Any CPU.Build.0 = Debug|Any CPU
		{C5B042F2-E0F2-44B0-93D3-F7112C6A291C}.Release|Any CPU.ActiveCfg = Release|Any CPU
		{C5B042F2-E0F2-44B0-93D3-F7112C6A291C}.Release|Any CPU.Build.0 = Release|Any CPU
		{757DBED2-2982-4884-A7CB-F5D850C0F64F}.Debug|Any CPU.ActiveCfg = Debug|Any CPU
		{757DBED2-2982-4884-A7CB-F5D850C0F64F}.Debug|Any CPU.Build.0 = Debug|Any CPU
		{757DBED2-2982-4884-A7CB-F5D850C0F64F}.Release|Any CPU.ActiveCfg = Release|Any CPU
		{757DBED2-2982-4884-A7CB-F5D850C0F64F}.Release|Any CPU.Build.0 = Release|Any CPU
		{5642973A-1B96-4F36-A4D2-E993A5D5ED8B}.Debug|Any CPU.ActiveCfg = Debug|Any CPU
		{5642973A-1B96-4F36-A4D2-E993A5D5ED8B}.Debug|Any CPU.Build.0 = Debug|Any CPU
		{5642973A-1B96-4F36-A4D2-E993A5D5ED8B}.Release|Any CPU.ActiveCfg = Release|Any CPU
		{5642973A-1B96-4F36-A4D2-E993A5D5ED8B}.Release|Any CPU.Build.0 = Release|Any CPU
		{6ADD2544-AA38-41F8-A389-A744A4E5DC9A}.Debug|Any CPU.ActiveCfg = Debug|Any CPU
		{6ADD2544-AA38-41F8-A389-A744A4E5DC9A}.Debug|Any CPU.Build.0 = Debug|Any CPU
		{6ADD2544-AA38-41F8-A389-A744A4E5DC9A}.Release|Any CPU.ActiveCfg = Release|Any CPU
		{6ADD2544-AA38-41F8-A389-A744A4E5DC9A}.Release|Any CPU.Build.0 = Release|Any CPU
		{A974E13D-6DAE-4802-9355-8C286133DF73}.Debug|Any CPU.ActiveCfg = Debug|Any CPU
		{A974E13D-6DAE-4802-9355-8C286133DF73}.Debug|Any CPU.Build.0 = Debug|Any CPU
		{A974E13D-6DAE-4802-9355-8C286133DF73}.Release|Any CPU.ActiveCfg = Release|Any CPU
		{A974E13D-6DAE-4802-9355-8C286133DF73}.Release|Any CPU.Build.0 = Release|Any CPU
		{E4776705-6B14-458C-BE96-C172E0B2EDEB}.Debug|Any CPU.ActiveCfg = Debug|Any CPU
		{E4776705-6B14-458C-BE96-C172E0B2EDEB}.Debug|Any CPU.Build.0 = Debug|Any CPU
		{E4776705-6B14-458C-BE96-C172E0B2EDEB}.Release|Any CPU.ActiveCfg = Release|Any CPU
		{E4776705-6B14-458C-BE96-C172E0B2EDEB}.Release|Any CPU.Build.0 = Release|Any CPU
		{E786E54F-683E-442A-B8C5-654FEEFB5B7D}.Debug|Any CPU.ActiveCfg = Debug|Any CPU
		{E786E54F-683E-442A-B8C5-654FEEFB5B7D}.Debug|Any CPU.Build.0 = Debug|Any CPU
		{E786E54F-683E-442A-B8C5-654FEEFB5B7D}.Release|Any CPU.ActiveCfg = Release|Any CPU
		{E786E54F-683E-442A-B8C5-654FEEFB5B7D}.Release|Any CPU.Build.0 = Release|Any CPU
		{10D67769-7962-46B2-AF81-587607769821}.Debug|Any CPU.ActiveCfg = Debug|Any CPU
		{10D67769-7962-46B2-AF81-587607769821}.Debug|Any CPU.Build.0 = Debug|Any CPU
		{10D67769-7962-46B2-AF81-587607769821}.Release|Any CPU.ActiveCfg = Release|Any CPU
		{10D67769-7962-46B2-AF81-587607769821}.Release|Any CPU.Build.0 = Release|Any CPU
	EndGlobalSection
	GlobalSection(SolutionProperties) = preSolution
		HideSolutionNode = FALSE
	EndGlobalSection
	GlobalSection(ExtensibilityGlobals) = postSolution
		SolutionGuid = {D499543F-2F39-46EC-9D67-871B5D7EDF32}
	EndGlobalSection
EndGlobal
