
Microsoft Visual Studio Solution File, Format Version 12.00
# Visual Studio Version 16
VisualStudioVersion = 16.0.31025.194
MinimumVisualStudioVersion = 10.0.40219.1
Project("{FAE04EC0-301F-11D3-BF4B-00C04F79EFBC}") = "Chap20App", "Chap20App\Chap20App.csproj", "{01424943-BCB5-4662-B416-33DB84D9F8BE}"
EndProject
Project("{FAE04EC0-301F-11D3-BF4B-00C04F79EFBC}") = "ConsoleApp1", "ConsoleApp1\ConsoleApp1.csproj", "{0514DCB3-6742-485D-89AB-62CF202E4D7A}"
EndProject
Project("{FAE04EC0-301F-11D3-BF4B-00C04F79EFBC}") = "MyWindowApp", "MyWindowApp\MyWindowApp.csproj", "{4A757CB5-627F-4961-A10D-398E906B6481}"
EndProject
Project("{FAE04EC0-301F-11D3-BF4B-00C04F79EFBC}") = "UsingControlsApp", "UsingControlsApp\UsingControlsApp.csproj", "{DE5A30D5-7F3B-400E-B450-6602E25D67D8}"
EndProject
Project("{FAE04EC0-301F-11D3-BF4B-00C04F79EFBC}") = "FileCopyApp", "FileCopyApp\FileCopyApp.csproj", "{EE01D939-75E7-429E-988B-835D23D0C09E}"
EndProject
Global
	GlobalSection(SolutionConfigurationPlatforms) = preSolution
		Debug|Any CPU = Debug|Any CPU
		Release|Any CPU = Release|Any CPU
	EndGlobalSection
	GlobalSection(ProjectConfigurationPlatforms) = postSolution
		{01424943-BCB5-4662-B416-33DB84D9F8BE}.Debug|Any CPU.ActiveCfg = Debug|Any CPU
		{01424943-BCB5-4662-B416-33DB84D9F8BE}.Debug|Any CPU.Build.0 = Debug|Any CPU
		{01424943-BCB5-4662-B416-33DB84D9F8BE}.Release|Any CPU.ActiveCfg = Release|Any CPU
		{01424943-BCB5-4662-B416-33DB84D9F8BE}.Release|Any CPU.Build.0 = Release|Any CPU
		{0514DCB3-6742-485D-89AB-62CF202E4D7A}.Debug|Any CPU.ActiveCfg = Debug|Any CPU
		{0514DCB3-6742-485D-89AB-62CF202E4D7A}.Debug|Any CPU.Build.0 = Debug|Any CPU
		{0514DCB3-6742-485D-89AB-62CF202E4D7A}.Release|Any CPU.ActiveCfg = Release|Any CPU
		{0514DCB3-6742-485D-89AB-62CF202E4D7A}.Release|Any CPU.Build.0 = Release|Any CPU
		{4A757CB5-627F-4961-A10D-398E906B6481}.Debug|Any CPU.ActiveCfg = Debug|Any CPU
		{4A757CB5-627F-4961-A10D-398E906B6481}.Debug|Any CPU.Build.0 = Debug|Any CPU
		{4A757CB5-627F-4961-A10D-398E906B6481}.Release|Any CPU.ActiveCfg = Release|Any CPU
		{4A757CB5-627F-4961-A10D-398E906B6481}.Release|Any CPU.Build.0 = Release|Any CPU
		{DE5A30D5-7F3B-400E-B450-6602E25D67D8}.Debug|Any CPU.ActiveCfg = Debug|Any CPU
		{DE5A30D5-7F3B-400E-B450-6602E25D67D8}.Debug|Any CPU.Build.0 = Debug|Any CPU
		{DE5A30D5-7F3B-400E-B450-6602E25D67D8}.Release|Any CPU.ActiveCfg = Release|Any CPU
		{DE5A30D5-7F3B-400E-B450-6602E25D67D8}.Release|Any CPU.Build.0 = Release|Any CPU
		{EE01D939-75E7-429E-988B-835D23D0C09E}.Debug|Any CPU.ActiveCfg = Debug|Any CPU
		{EE01D939-75E7-429E-988B-835D23D0C09E}.Debug|Any CPU.Build.0 = Debug|Any CPU
		{EE01D939-75E7-429E-988B-835D23D0C09E}.Release|Any CPU.ActiveCfg = Release|Any CPU
		{EE01D939-75E7-429E-988B-835D23D0C09E}.Release|Any CPU.Build.0 = Release|Any CPU
	EndGlobalSection
	GlobalSection(SolutionProperties) = preSolution
		HideSolutionNode = FALSE
	EndGlobalSection
	GlobalSection(ExtensibilityGlobals) = postSolution
		SolutionGuid = {C66049B3-31C2-4B96-9D78-5FFD0D8C875B}
	EndGlobalSection
EndGlobal
